{
  "repository": "https://github.com/NousResearch/hermes-agent",
  "commit": "9eca7f388f71755293343dddd6ec4d9111d68fc4",
  "version": "0.21.3",
  "license": "MIT",
  "license_file_sha": "75410e73319c72cd3e991a501c5455eb78f38375",
  "pyproject_sha": "f487128d79e7aacac2c48f3efc6a2e91be1c7d23",
  "integration_mode": "exact-sha sparse clone/cache on GitHub Actions; no upstream vendoring",
  "core_surfaces": [
    "hermes_cli/kanban_db.py",
    "hermes_cli/kanban_db_dispatch.py",
    "hermes_cli/kanban.py",
    "hermes_cli/kanban_parser.py",
    "tools/kanban_tools.py",
    "agent/prompt_builder.py"
  ],
  "optional_skills_imported": false,
  "optional_modules_imported": false,
  "canonical_memory": false,
  "canonical_scheduler": false,
  "authority": "DELEGATED_ONLY",
  "reviewed_at": "2026-09-20"
}
